{
    "_meta": {
        "hash": {
            "sha256": "698142e17ec6e4b104861b00a7954e6efda68f02c8100cae288a334e6b8a8dd3"
        },
        "pipfile-spec": 6,
        "requires": {
            "python_version": "3.12"
        },
        "sources": [
            {
                "name": "pypi",
                "url": "https://pypi.org/simple",
                "verify_ssl": true
            }
        ]
    },
    "default": {
        "asgiref": {
            "hashes": [
                "sha256:3e1e3ecc849832fe52ccf2cb6686b7a55f82bb1d6aee72a58826471390335e47",
                "sha256:c343bd80a0bec947a9860adb4c432ffa7db769836c64238fc34bdc3fec84d590"
            ],
            "markers": "python_version >= '3.8'",
            "version": "==3.8.1"
        },
        "attrs": {
            "hashes": [
                "sha256:5cfb1b9148b5b086569baec03f20d7b6bf3bcacc9a42bebf87ffaaca362f6346",
                "sha256:81921eb96de3191c8258c199618104dd27ac608d9366f5e35d011eae1867ede2"
            ],
            "markers": "python_version >= '3.7'",
            "version": "==24.2.0"
        },
        "autobahn": {
            "hashes": [
                "sha256:a2d71ef1b0cf780b6d11f8b205fd2c7749765e65795f2ea7d823796642ee92c9",
                "sha256:c56a2abe7ac78abbfb778c02892d673a4de58fd004d088cd7ab297db25918e81"
            ],
            "markers": "python_version >= '3.9'",
            "version": "==24.4.2"
        },
        "automat": {
            "hashes": [
                "sha256:b34227cf63f6325b8ad2399ede780675083e439b20c323d376373d8ee6306d88",
                "sha256:bf029a7bc3da1e2c24da2343e7598affaa9f10bf0ab63ff808566ce90551e02a"
            ],
            "markers": "python_version >= '3.8'",
            "version": "==24.8.1"
        },
        "cffi": {
            "hashes": [
                "sha256:011aff3524d578a9412c8b3cfaa50f2c0bd78e03eb7af7aa5e0df59b158efb2f",
                "sha256:0a048d4f6630113e54bb4b77e315e1ba32a5a31512c31a273807d0027a7e69ab",
                "sha256:0bb15e7acf8ab35ca8b24b90af52c8b391690ef5c4aec3d31f38f0d37d2cc499",
                "sha256:0d46ee4764b88b91f16661a8befc6bfb24806d885e27436fdc292ed7e6f6d058",
                "sha256:0e60821d312f99d3e1569202518dddf10ae547e799d75aef3bca3a2d9e8ee693",
                "sha256:0fdacad9e0d9fc23e519efd5ea24a70348305e8d7d85ecbb1a5fa66dc834e7fb",
                "sha256:14b9cbc8f7ac98a739558eb86fabc283d4d564dafed50216e7f7ee62d0d25377",
                "sha256:17c6d6d3260c7f2d94f657e6872591fe8733872a86ed1345bda872cfc8c74885",
                "sha256:1a2ddbac59dc3716bc79f27906c010406155031a1c801410f1bafff17ea304d2",
                "sha256:2404f3de742f47cb62d023f0ba7c5a916c9c653d5b368cc966382ae4e57da401",
                "sha256:24658baf6224d8f280e827f0a50c46ad819ec8ba380a42448e24459daf809cf4",
                "sha256:24aa705a5f5bd3a8bcfa4d123f03413de5d86e497435693b638cbffb7d5d8a1b",
                "sha256:2770bb0d5e3cc0e31e7318db06efcbcdb7b31bcb1a70086d3177692a02256f59",
                "sha256:331ad15c39c9fe9186ceaf87203a9ecf5ae0ba2538c9e898e3a6967e8ad3db6f",
                "sha256:3aa9d43b02a0c681f0bfbc12d476d47b2b2b6a3f9287f11ee42989a268a1833c",
                "sha256:41f4915e09218744d8bae14759f983e466ab69b178de38066f7579892ff2a555",
                "sha256:4304d4416ff032ed50ad6bb87416d802e67139e31c0bde4628f36a47a3164bfa",
                "sha256:435a22d00ec7d7ea533db494da8581b05977f9c37338c80bc86314bec2619424",
                "sha256:45f7cd36186db767d803b1473b3c659d57a23b5fa491ad83c6d40f2af58e4dbb",
                "sha256:48b389b1fd5144603d61d752afd7167dfd205973a43151ae5045b35793232aa2",
                "sha256:4e67d26532bfd8b7f7c05d5a766d6f437b362c1bf203a3a5ce3593a645e870b8",
                "sha256:516a405f174fd3b88829eabfe4bb296ac602d6a0f68e0d64d5ac9456194a5b7e",
                "sha256:5ba5c243f4004c750836f81606a9fcb7841f8874ad8f3bf204ff5e56332b72b9",
                "sha256:5bdc0f1f610d067c70aa3737ed06e2726fd9d6f7bfee4a351f4c40b6831f4e82",
                "sha256:6107e445faf057c118d5050560695e46d272e5301feffda3c41849641222a828",
                "sha256:6327b572f5770293fc062a7ec04160e89741e8552bf1c358d1a23eba68166759",
                "sha256:669b29a9eca6146465cc574659058ed949748f0809a2582d1f1a324eb91054dc",
                "sha256:6ce01337d23884b21c03869d2f68c5523d43174d4fc405490eb0091057943118",
                "sha256:6d872186c1617d143969defeadac5a904e6e374183e07977eedef9c07c8953bf",
                "sha256:6f76a90c345796c01d85e6332e81cab6d70de83b829cf1d9762d0a3da59c7932",
                "sha256:70d2aa9fb00cf52034feac4b913181a6e10356019b18ef89bc7c12a283bf5f5a",
                "sha256:7cbc78dc018596315d4e7841c8c3a7ae31cc4d638c9b627f87d52e8abaaf2d29",
                "sha256:856bf0924d24e7f93b8aee12a3a1095c34085600aa805693fb7f5d1962393206",
                "sha256:8a98748ed1a1df4ee1d6f927e151ed6c1a09d5ec21684de879c7ea6aa96f58f2",
                "sha256:93a7350f6706b31f457c1457d3a3259ff9071a66f312ae64dc024f049055f72c",
                "sha256:964823b2fc77b55355999ade496c54dde161c621cb1f6eac61dc30ed1b63cd4c",
                "sha256:a003ac9edc22d99ae1286b0875c460351f4e101f8c9d9d2576e78d7e048f64e0",
                "sha256:a0ce71725cacc9ebf839630772b07eeec220cbb5f03be1399e0457a1464f8e1a",
                "sha256:a47eef975d2b8b721775a0fa286f50eab535b9d56c70a6e62842134cf7841195",
                "sha256:a8b5b9712783415695663bd463990e2f00c6750562e6ad1d28e072a611c5f2a6",
                "sha256:a9015f5b8af1bb6837a3fcb0cdf3b874fe3385ff6274e8b7925d81ccaec3c5c9",
                "sha256:aec510255ce690d240f7cb23d7114f6b351c733a74c279a84def763660a2c3bc",
                "sha256:b00e7bcd71caa0282cbe3c90966f738e2db91e64092a877c3ff7f19a1628fdcb",
                "sha256:b50aaac7d05c2c26dfd50c3321199f019ba76bb650e346a6ef3616306eed67b0",
                "sha256:b7b6ea9e36d32582cda3465f54c4b454f62f23cb083ebc7a94e2ca6ef011c3a7",
                "sha256:bb9333f58fc3a2296fb1d54576138d4cf5d496a2cc118422bd77835e6ae0b9cb",
                "sha256:c1c13185b90bbd3f8b5963cd8ce7ad4ff441924c31e23c975cb150e27c2bf67a",
                "sha256:c3b8bd3133cd50f6b637bb4322822c94c5ce4bf0d724ed5ae70afce62187c492",
                "sha256:c5d97162c196ce54af6700949ddf9409e9833ef1003b4741c2b39ef46f1d9720",
                "sha256:c815270206f983309915a6844fe994b2fa47e5d05c4c4cef267c3b30e34dbe42",
                "sha256:cab2eba3830bf4f6d91e2d6718e0e1c14a2f5ad1af68a89d24ace0c6b17cced7",
                "sha256:d1df34588123fcc88c872f5acb6f74ae59e9d182a2707097f9e28275ec26a12d",
                "sha256:d6bdcd415ba87846fd317bee0774e412e8792832e7805938987e4ede1d13046d",
                "sha256:db9a30ec064129d605d0f1aedc93e00894b9334ec74ba9c6bdd08147434b33eb",
                "sha256:dbc183e7bef690c9abe5ea67b7b60fdbca81aa8da43468287dae7b5c046107d4",
                "sha256:dca802c8db0720ce1c49cce1149ff7b06e91ba15fa84b1d59144fef1a1bc7ac2",
                "sha256:dec6b307ce928e8e112a6bb9921a1cb00a0e14979bf28b98e084a4b8a742bd9b",
                "sha256:df8bb0010fdd0a743b7542589223a2816bdde4d94bb5ad67884348fa2c1c67e8",
                "sha256:e4094c7b464cf0a858e75cd14b03509e84789abf7b79f8537e6a72152109c76e",
                "sha256:e4760a68cab57bfaa628938e9c2971137e05ce48e762a9cb53b76c9b569f1204",
                "sha256:eb09b82377233b902d4c3fbeeb7ad731cdab579c6c6fda1f763cd779139e47c3",
                "sha256:eb862356ee9391dc5a0b3cbc00f416b48c1b9a52d252d898e5b7696a5f9fe150",
                "sha256:ef9528915df81b8f4c7612b19b8628214c65c9b7f74db2e34a646a0a2a0da2d4",
                "sha256:f3157624b7558b914cb039fd1af735e5e8049a87c817cc215109ad1c8779df76",
                "sha256:f3e0992f23bbb0be00a921eae5363329253c3b86287db27092461c887b791e5e",
                "sha256:f9338cc05451f1942d0d8203ec2c346c830f8e86469903d5126c1f0a13a2bcbb",
                "sha256:ffef8fd58a36fb5f1196919638f73dd3ae0db1a878982b27a9a5a176ede4ba91"
            ],
            "markers": "platform_python_implementation != 'PyPy'",
            "version": "==1.17.0"
        },
        "constantly": {
            "hashes": [
                "sha256:3fd9b4d1c3dc1ec9757f3c52aef7e53ad9323dbe39f51dfd4c43853b68dfa3f9",
                "sha256:aa92b70a33e2ac0bb33cd745eb61776594dc48764b06c35e0efd050b7f1c7cbd"
            ],
            "markers": "python_version >= '3.8'",
            "version": "==23.10.4"
        },
        "cryptography": {
            "hashes": [
                "sha256:0663585d02f76929792470451a5ba64424acc3cd5227b03921dab0e2f27b1709",
                "sha256:08a24a7070b2b6804c1940ff0f910ff728932a9d0e80e7814234269f9d46d069",
                "sha256:232ce02943a579095a339ac4b390fbbe97f5b5d5d107f8a08260ea2768be8cc2",
                "sha256:2905ccf93a8a2a416f3ec01b1a7911c3fe4073ef35640e7ee5296754e30b762b",
                "sha256:299d3da8e00b7e2b54bb02ef58d73cd5f55fb31f33ebbf33bd00d9aa6807df7e",
                "sha256:2c6d112bf61c5ef44042c253e4859b3cbbb50df2f78fa8fae6747a7814484a70",
                "sha256:31e44a986ceccec3d0498e16f3d27b2ee5fdf69ce2ab89b52eaad1d2f33d8778",
                "sha256:3d9a1eca329405219b605fac09ecfc09ac09e595d6def650a437523fcd08dd22",
                "sha256:3dcdedae5c7710b9f97ac6bba7e1052b95c7083c9d0e9df96e02a1932e777895",
                "sha256:47ca71115e545954e6c1d207dd13461ab81f4eccfcb1345eac874828b5e3eaaf",
                "sha256:4a997df8c1c2aae1e1e5ac49c2e4f610ad037fc5a3aadc7b64e39dea42249431",
                "sha256:51956cf8730665e2bdf8ddb8da0056f699c1a5715648c1b0144670c1ba00b48f",
                "sha256:5bcb8a5620008a8034d39bce21dc3e23735dfdb6a33a06974739bfa04f853947",
                "sha256:64c3f16e2a4fc51c0d06af28441881f98c5d91009b8caaff40cf3548089e9c74",
                "sha256:6e2b11c55d260d03a8cf29ac9b5e0608d35f08077d8c087be96287f43af3ccdc",
                "sha256:7b3f5fe74a5ca32d4d0f302ffe6680fcc5c28f8ef0dc0ae8f40c0f3a1b4fca66",
                "sha256:844b6d608374e7d08f4f6e6f9f7b951f9256db41421917dfb2d003dde4cd6b66",
                "sha256:9a8d6802e0825767476f62aafed40532bd435e8a5f7d23bd8b4f5fd04cc80ecf",
                "sha256:aae4d918f6b180a8ab8bf6511a419473d107df4dbb4225c7b48c5c9602c38c7f",
                "sha256:ac1955ce000cb29ab40def14fd1bbfa7af2017cca696ee696925615cafd0dce5",
                "sha256:b88075ada2d51aa9f18283532c9f60e72170041bba88d7f37e49cbb10275299e",
                "sha256:cb013933d4c127349b3948aa8aaf2f12c0353ad0eccd715ca789c8a0f671646f",
                "sha256:cc70b4b581f28d0a254d006f26949245e3657d40d8857066c2ae22a61222ef55",
                "sha256:e9c5266c432a1e23738d178e51c2c7a5e2ddf790f248be939448c0ba2021f9d1",
                "sha256:ea9e57f8ea880eeea38ab5abf9fbe39f923544d7884228ec67d666abd60f5a47",
                "sha256:ee0c405832ade84d4de74b9029bedb7b31200600fa524d218fc29bfa371e97f5",
                "sha256:fdcb265de28585de5b859ae13e3846a8e805268a823a12a4da2597f1f5afc9f0"
            ],
            "markers": "python_version >= '3.7'",
            "version": "==43.0.0"
        },
        "daphne": {
            "hashes": [
                "sha256:618d1322bb4d875342b99dd2a10da2d9aae7ee3645f765965fdc1e658ea5290a",
                "sha256:fcbcace38eb86624ae247c7ffdc8ac12f155d7d19eafac4247381896d6f33761"
            ],
            "index": "pypi",
            "markers": "python_version >= '3.8'",
            "version": "==4.1.2"
        },
        "django": {
            "hashes": [
                "sha256:848a5980e8efb76eea70872fb0e4bc5e371619c70fffbe48e3e1b50b2c09455d",
                "sha256:d3b811bf5371a26def053d7ee42a9df1267ef7622323fe70a601936725aa4557"
            ],
            "index": "pypi",
            "markers": "python_version >= '3.10'",
            "version": "==5.1"
        },
        "hyperlink": {
            "hashes": [
                "sha256:427af957daa58bc909471c6c40f74c5450fa123dd093fc53efd2e91d2705a56b",
                "sha256:e6b14c37ecb73e89c77d78cdb4c2cc8f3fb59a885c5b3f819ff4ed80f25af1b4"
            ],
            "version": "==21.0.0"
        },
        "idna": {
            "hashes": [
                "sha256:028ff3aadf0609c1fd278d8ea3089299412a7a8b9bd005dd08b9f8285bcb5cfc",
                "sha256:82fee1fc78add43492d3a1898bfa6d8a904cc97d8427f683ed8e798d07761aa0"
            ],
            "version": "==3.7"
        },
        "incremental": {
            "hashes": [
                "sha256:8cb2c3431530bec48ad70513931a760f446ad6c25e8333ca5d95e24b0ed7b8fe",
                "sha256:fb4f1d47ee60efe87d4f6f0ebb5f70b9760db2b2574c59c8e8912be4ebd464c9"
            ],
            "markers": "python_version >= '3.8'",
            "version": "==24.7.2"
        },
        "psycopg": {
            "extras": [
                "binary"
            ],
            "hashes": [
                "sha256:dc8da6dc8729dacacda3cc2f17d2c9397a70a66cf0d2b69c91065d60d5f00cb7",
                "sha256:ece385fb413a37db332f97c49208b36cf030ff02b199d7635ed2fbd378724175"
            ],
            "markers": "python_version >= '3.8'",
            "version": "==3.2.1"
        },
        "psycopg-binary": {
            "hashes": [
                "sha256:059cbd4e6da2337e17707178fe49464ed01de867dc86c677b30751755ec1dc51",
                "sha256:06a7aae34edfe179ddc04da005e083ff6c6b0020000399a2cbf0a7121a8a22ea",
                "sha256:0879b5d76b7d48678d31278242aaf951bc2d69ca4e4d7cef117e4bbf7bfefda9",
                "sha256:0ab58213cc976a1666f66bc1cb2e602315cd753b7981a8e17237ac2a185bd4a1",
                "sha256:0b018631e5c80ce9bc210b71ea885932f9cca6db131e4df505653d7e3873a938",
                "sha256:101472468d59c74bb8565fab603e032803fd533d16be4b2d13da1bab8deb32a3",
                "sha256:1d353e028b8f848b9784450fc2abf149d53a738d451eab3ee4c85703438128b9",
                "sha256:1d6833f607f3fc7b22226a9e121235d3b84c0eda1d3caab174673ef698f63788",
                "sha256:21927f41c4d722ae8eb30d62a6ce732c398eac230509af5ba1749a337f8a63e2",
                "sha256:28ada5f610468c57d8a4a055a8ea915d0085a43d794266c4f3b9d02f4288f4db",
                "sha256:2e8213bf50af073b1aa8dc3cff123bfeedac86332a16c1b7274910bc88a847c7",
                "sha256:302b86f92c0d76e99fe1b5c22c492ae519ce8b98b88d37ef74fda4c9e24c6b46",
                "sha256:334046a937bb086c36e2c6889fe327f9f29bfc085d678f70fac0b0618949f674",
                "sha256:33e6669091d09f8ba36e10ce678a6d9916e110446236a9b92346464a3565635e",
                "sha256:3c838806eeb99af39f934b7999e35f947a8e577997cc892c12b5053a97a9057f",
                "sha256:40bb515d042f6a345714ec0403df68ccf13f73b05e567837d80c886c7c9d3805",
                "sha256:413977d18412ff83486eeb5875eb00b185a9391c57febac45b8993bf9c0ff489",
                "sha256:415c3b72ea32119163255c6504085f374e47ae7345f14bc3f0ef1f6e0976a879",
                "sha256:42781ba94e8842ee98bca5a7d0c44cc9d067500fedca2d6a90fa3609b6d16b42",
                "sha256:463d55345f73ff391df8177a185ad57b552915ad33f5cc2b31b930500c068b22",
                "sha256:4a42b8f9ab39affcd5249b45cac763ac3cf12df962b67e23fd15a2ee2932afe5",
                "sha256:4c84fcac8a3a3479ac14673095cc4e1fdba2935499f72c436785ac679bec0d1a",
                "sha256:592b27d6c46a40f9eeaaeea7c1fef6f3c60b02c634365eb649b2d880669f149f",
                "sha256:62b1b7b07e00ee490afb39c0a47d8282a9c2822c7cfed9553a04b0058adf7e7f",
                "sha256:6418712ba63cebb0c88c050b3997185b0ef54173b36568522d5634ac06153040",
                "sha256:6f9e13600647087df5928875559f0eb8f496f53e6278b7da9511b4b3d0aff960",
                "sha256:7066d3dca196ed0dc6172f9777b2d62e4f138705886be656cccff2d555234d60",
                "sha256:73f9c9b984be9c322b5ec1515b12df1ee5896029f5e72d46160eb6517438659c",
                "sha256:74d623261655a169bc84a9669890975c229f2fa6e19a7f2d10a77675dcf1a707",
                "sha256:788ffc43d7517c13e624c83e0e553b7b8823c9655e18296566d36a829bfb373f",
                "sha256:78c2007caf3c90f08685c5378e3ceb142bafd5636be7495f7d86ec8a977eaeef",
                "sha256:7a84b5eb194a258116154b2a4ff2962ea60ea52de089508db23a51d3d6b1c7d1",
                "sha256:7ce965caf618061817f66c0906f0452aef966c293ae0933d4fa5a16ea6eaf5bb",
                "sha256:84837e99353d16c6980603b362d0f03302d4b06c71672a6651f38df8a482923d",
                "sha256:8f28ff0cb9f1defdc4a6f8c958bf6787274247e7dfeca811f6e2f56602695fb1",
                "sha256:921f0c7f39590763d64a619de84d1b142587acc70fd11cbb5ba8fa39786f3073",
                "sha256:950fd666ec9e9fe6a8eeb2b5a8f17301790e518953730ad44d715b59ffdbc67f",
                "sha256:9a997efbaadb5e1a294fb5760e2f5643d7b8e4e3fe6cb6f09e6d605fd28e0291",
                "sha256:aa3931f308ab4a479d0ee22dc04bea867a6365cac0172e5ddcba359da043854b",
                "sha256:af0469c00f24c4bec18c3d2ede124bf62688d88d1b8a5f3c3edc2f61046fe0d7",
                "sha256:b0104a72a17aa84b3b7dcab6c84826c595355bf54bb6ea6d284dcb06d99c6801",
                "sha256:b09e8a576a2ac69d695032ee76f31e03b30781828b5dd6d18c6a009e5a3d1c35",
                "sha256:b140182830c76c74d17eba27df3755a46442ce8d4fb299e7f1cf2f74a87c877b",
                "sha256:b1f087bd84bdcac78bf9f024ebdbfacd07fc0a23ec8191448a50679e2ac4a19e",
                "sha256:c1d2b6438fb83376f43ebb798bf0ad5e57bc56c03c9c29c85bc15405c8c0ac5a",
                "sha256:cad2de17804c4cfee8640ae2b279d616bb9e4734ac3c17c13db5e40982bd710d",
                "sha256:cc304a46be1e291031148d9d95c12451ffe783ff0cc72f18e2cc7ec43cdb8c68",
                "sha256:dc314a47d44fe1a8069b075a64abffad347a3a1d8652fed1bab5d3baea37acb2",
                "sha256:f092114f10f81fb6bae544a0ec027eb720e2d9c74a4fcdaa9dd3899873136935",
                "sha256:f34e369891f77d0738e5d25727c307d06d5344948771e5379ea29c76c6d84555",
                "sha256:f8a509aeaac364fa965454e80cd110fe6d48ba2c80f56c9b8563423f0b5c3cfd",
                "sha256:f8afb07114ea9b924a4a0305ceb15354ccf0ef3c0e14d54b8dbeb03e50182dd7",
                "sha256:f99e59f8a5f4dcd9cbdec445f3d8ac950a492fc0e211032384d6992ed3c17eb7"
            ],
            "version": "==3.2.1"
        },
        "pyasn1": {
            "hashes": [
                "sha256:3a35ab2c4b5ef98e17dfdec8ab074046fbda76e281c5a706ccd82328cfc8f64c",
                "sha256:cca4bb0f2df5504f02f6f8a775b6e416ff9b0b3b16f7ee80b5a3153d9b804473"
            ],
            "markers": "python_version >= '3.8'",
            "version": "==0.6.0"
        },
        "pyasn1-modules": {
            "hashes": [
                "sha256:831dbcea1b177b28c9baddf4c6d1013c24c3accd14a1873fffaa6a2e905f17b6",
                "sha256:be04f15b66c206eed667e0bb5ab27e2b1855ea54a842e5037738099e8ca4ae0b"
            ],
            "markers": "python_version >= '3.8'",
            "version": "==0.4.0"
        },
        "pycparser": {
            "hashes": [
                "sha256:491c8be9c040f5390f5bf44a5b07752bd07f56edf992381b05c701439eec10f6",
                "sha256:c3702b6d3dd8c7abc1afa565d7e63d53a1d0bd86cdc24edd75470f4de499cfcc"
            ],
            "markers": "python_version >= '3.8'",
            "version": "==2.22"
        },
        "pyopenssl": {
            "hashes": [
                "sha256:4247f0dbe3748d560dcbb2ff3ea01af0f9a1a001ef5f7c4c647956ed8cbf0e95",
                "sha256:967d5719b12b243588573f39b0c677637145c7a1ffedcd495a487e58177fbb8d"
            ],
            "version": "==24.2.1"
        },
        "python-dotenv": {
            "hashes": [
                "sha256:e324ee90a023d808f1959c46bcbc04446a10ced277783dc6ee09987c37ec10ca",
                "sha256:f7b63ef50f1b690dddf550d03497b66d609393b40b564ed0d674909a68ebf16a"
            ],
            "index": "pypi",
            "markers": "python_version >= '3.8'",
            "version": "==1.0.1"
        },
        "service-identity": {
            "hashes": [
                "sha256:6829c9d62fb832c2e1c435629b0a8c476e1929881f28bee4d20bc24161009221",
                "sha256:a28caf8130c8a5c1c7a6f5293faaf239bbfb7751e4862436920ee6f2616f568a"
            ],
            "version": "==24.1.0"
        },
        "setuptools": {
            "hashes": [
                "sha256:b208925fcb9f7af924ed2dc04708ea89791e24bde0d3020b27df0e116088b34e",
                "sha256:d59a3e788ab7e012ab2c4baed1b376da6366883ee20d7a5fc426816e3d7b1193"
            ],
            "markers": "python_version >= '3.8'",
            "version": "==73.0.1"
        },
        "sqlparse": {
            "hashes": [
                "sha256:773dcbf9a5ab44a090f3441e2180efe2560220203dc2f8c0b0fa141e18b505e4",
                "sha256:bb6b4df465655ef332548e24f08e205afc81b9ab86cb1c45657a7ff173a3a00e"
            ],
            "markers": "python_version >= '3.8'",
            "version": "==0.5.1"
        },
        "twisted": {
            "extras": [
                "tls"
            ],
            "hashes": [
                "sha256:5a60147f044187a127ec7da96d170d49bcce50c6fd36f594e60f4587eff4d394",
                "sha256:734832ef98108136e222b5230075b1079dad8a3fc5637319615619a7725b0c81"
            ],
            "markers": "python_full_version >= '3.8.0'",
            "version": "==24.7.0"
        },
        "txaio": {
            "hashes": [
                "sha256:aaea42f8aad50e0ecfb976130ada140797e9dcb85fad2cf72b0f37f8cefcb490",
                "sha256:f9a9216e976e5e3246dfd112ad7ad55ca915606b60b84a757ac769bd404ff704"
            ],
            "markers": "python_version >= '3.7'",
            "version": "==23.1.1"
        },
        "typing-extensions": {
            "hashes": [
                "sha256:04e5ca0351e0f3f85c6853954072df659d0d13fac324d0072316b67d7794700d",
                "sha256:1a7ead55c7e559dd4dee8856e3a88b41225abfe1ce8df57b7c13915fe121ffb8"
            ],
            "markers": "python_version >= '3.8'",
            "version": "==4.12.2"
        },
        "zope-interface": {
            "hashes": [
                "sha256:03bd5c0db82237bbc47833a8b25f1cc090646e212f86b601903d79d7e6b37031",
                "sha256:03f1452d5d1f279184d5bdb663a3dc39902d9320eceb63276240791e849054b6",
                "sha256:10ebac566dd0cec66f942dc759d46a994a2b3ba7179420f0e2130f88f8a5f400",
                "sha256:192b7a792e3145ed880ff6b1a206fdb783697cfdb4915083bfca7065ec845e60",
                "sha256:19c829d52e921b9fe0b2c0c6a8f9a2508c49678ee1be598f87d143335b6a35dc",
                "sha256:3f3495462bc0438b76536a0e10d765b168ae636092082531b88340dc40dcd118",
                "sha256:3f52050c6a10d4a039ec6f2c58e5b3ade5cc570d16cf9d102711e6b8413c90e6",
                "sha256:400d06c9ec8dbcc96f56e79376297e7be07a315605c9a2208720da263d44d76f",
                "sha256:4ec212037becf6d2f705b7ed4538d56980b1e7bba237df0d8995cbbed29961dc",
                "sha256:51d5713e8e38f2d3ec26e0dfdca398ed0c20abda2eb49ffc15a15a23eb8e5f6d",
                "sha256:52f5253cca1b35eaeefa51abd366b87f48f8714097c99b131ba61f3fdbbb58e7",
                "sha256:5566fd9271c89ad03d81b0831c37d46ae5e2ed211122c998637130159a120cf1",
                "sha256:55bbcc74dc0c7ab489c315c28b61d7a1d03cf938cc99cc58092eb065f120c3a5",
                "sha256:696c2a381fc7876b3056711717dba5eddd07c2c9e5ccd50da54029a1293b6e43",
                "sha256:6ba4b3638d014918b918aa90a9c8370bd74a03abf8fcf9deb353b3a461a59a84",
                "sha256:7039e624bcb820f77cc2ff3d1adcce531932990eee16121077eb51d9c76b6c14",
                "sha256:88d108d004e0df25224de77ce349a7e73494ea2cb194031f7c9687e68a88ec9b",
                "sha256:8c1dff87b30fd150c61367d0e2cdc49bb55f8b9fd2a303560bbc24b951573ae1",
                "sha256:9a8195b99e650e6f329ce4e5eb22d448bdfef0406404080812bc96e2a05674cb",
                "sha256:af0b33f04677b57843d529b9257a475d2865403300b48c67654c40abac2f9f24",
                "sha256:b419f2144e1762ab845f20316f1df36b15431f2622ebae8a6d5f7e8e712b413c",
                "sha256:b59deb0ddc7b431e41d720c00f99d68b52cb9bd1d5605a085dc18f502fe9c47f",
                "sha256:bc0615351221926a36a0fbcb2520fb52e0b23e8c22a43754d9cb8f21358c33c0",
                "sha256:c203d82069ba31e1f3bc7ba530b2461ec86366cd4bfc9b95ec6ce58b1b559c34",
                "sha256:ce6cbb852fb8f2f9bb7b9cdca44e2e37bce783b5f4c167ff82cb5f5128163c8f",
                "sha256:d33cb526efdc235a2531433fc1287fcb80d807d5b401f9b801b78bf22df560dd",
                "sha256:da0cef4d7e3f19c3bd1d71658d6900321af0492fee36ec01b550a10924cffb9c",
                "sha256:da21e7eec49252df34d426c2ee9cf0361c923026d37c24728b0fa4cc0599fd03",
                "sha256:ea8d51e5eb29e57d34744369cd08267637aa5a0fefc9b5d33775ab7ff2ebf2e3",
                "sha256:ec4e87e6fdc511a535254daa122c20e11959ce043b4e3425494b237692a34f1c",
                "sha256:f0f5fda7cbf890371a59ab1d06512da4f2c89a6ea194e595808123c863c38eff",
                "sha256:f32ca483e6ade23c7caaee9d5ee5d550cf4146e9b68d2fb6c68bac183aa41c37",
                "sha256:f749ca804648d00eda62fe1098f229b082dfca930d8bad8386e572a6eafa7525",
                "sha256:f89a420cf5a6f2aa7849dd59e1ff0e477f562d97cf8d6a1ee03461e1eec39887"
            ],
            "markers": "python_version >= '3.8'",
            "version": "==7.0.1"
        }
    },
    "develop": {
        "asgiref": {
            "hashes": [
                "sha256:3e1e3ecc849832fe52ccf2cb6686b7a55f82bb1d6aee72a58826471390335e47",
                "sha256:c343bd80a0bec947a9860adb4c432ffa7db769836c64238fc34bdc3fec84d590"
            ],
            "markers": "python_version >= '3.8'",
            "version": "==3.8.1"
        },
        "astroid": {
            "hashes": [
                "sha256:0e14202810b30da1b735827f78f5157be2bbd4a7a59b7707ca0bfc2fb4c0063a",
                "sha256:413658a61eeca6202a59231abb473f932038fbcbf1666587f66d482083413a25"
            ],
            "markers": "python_full_version >= '3.8.0'",
            "version": "==3.2.4"
        },
        "black": {
            "hashes": [
                "sha256:09cdeb74d494ec023ded657f7092ba518e8cf78fa8386155e4a03fdcc44679e6",
                "sha256:1f13f7f386f86f8121d76599114bb8c17b69d962137fc70efe56137727c7047e",
                "sha256:2500945420b6784c38b9ee885af039f5e7471ef284ab03fa35ecdde4688cd83f",
                "sha256:2b59b250fdba5f9a9cd9d0ece6e6d993d91ce877d121d161e4698af3eb9c1018",
                "sha256:3c4285573d4897a7610054af5a890bde7c65cb466040c5f0c8b732812d7f0e5e",
                "sha256:505289f17ceda596658ae81b61ebbe2d9b25aa78067035184ed0a9d855d18afd",
                "sha256:62e8730977f0b77998029da7971fa896ceefa2c4c4933fcd593fa599ecbf97a4",
                "sha256:649f6d84ccbae73ab767e206772cc2d7a393a001070a4c814a546afd0d423aed",
                "sha256:6e55d30d44bed36593c3163b9bc63bf58b3b30e4611e4d88a0c3c239930ed5b2",
                "sha256:707a1ca89221bc8a1a64fb5e15ef39cd755633daa672a9db7498d1c19de66a42",
                "sha256:72901b4913cbac8972ad911dc4098d5753704d1f3c56e44ae8dce99eecb0e3af",
                "sha256:73bbf84ed136e45d451a260c6b73ed674652f90a2b3211d6a35e78054563a9bb",
                "sha256:7c046c1d1eeb7aea9335da62472481d3bbf3fd986e093cffd35f4385c94ae368",
                "sha256:81c6742da39f33b08e791da38410f32e27d632260e599df7245cccee2064afeb",
                "sha256:837fd281f1908d0076844bc2b801ad2d369c78c45cf800cad7b61686051041af",
                "sha256:972085c618ee94f402da1af548a4f218c754ea7e5dc70acb168bfaca4c2542ed",
                "sha256:9e84e33b37be070ba135176c123ae52a51f82306def9f7d063ee302ecab2cf47",
                "sha256:b19c9ad992c7883ad84c9b22aaa73562a16b819c1d8db7a1a1a49fb7ec13c7d2",
                "sha256:d6417535d99c37cee4091a2f24eb2b6d5ec42b144d50f1f2e436d9fe1916fe1a",
                "sha256:eab4dd44ce80dea27dc69db40dab62d4ca96112f87996bca68cd75639aeb2e4c",
                "sha256:f490dbd59680d809ca31efdae20e634f3fae27fba3ce0ba3208333b713bc3920",
                "sha256:fb6e2c0b86bbd43dee042e48059c9ad7830abd5c94b0bc518c0eeec57c3eddc1"
            ],
            "index": "pypi",
            "markers": "python_version >= '3.8'",
            "version": "==24.8.0"
        },
        "click": {
            "hashes": [
                "sha256:ae74fb96c20a0277a1d615f1e4d73c8414f5a98db8b799a7931d1582f3390c28",
                "sha256:ca9853ad459e787e2192211578cc907e7594e294c7ccc834310722b41b9ca6de"
            ],
            "markers": "python_version >= '3.7'",
            "version": "==8.1.7"
        },
        "dill": {
            "hashes": [
                "sha256:3ebe3c479ad625c4553aca177444d89b486b1d84982eeacded644afc0cf797ca",
                "sha256:c36ca9ffb54365bdd2f8eb3eff7d2a21237f8452b57ace88b1ac615b7e815bd7"
            ],
            "markers": "python_version >= '3.11'",
            "version": "==0.3.8"
        },
        "django": {
            "hashes": [
                "sha256:848a5980e8efb76eea70872fb0e4bc5e371619c70fffbe48e3e1b50b2c09455d",
                "sha256:d3b811bf5371a26def053d7ee42a9df1267ef7622323fe70a601936725aa4557"
            ],
            "index": "pypi",
            "markers": "python_version >= '3.10'",
            "version": "==5.1"
        },
        "django-stubs": {
            "extras": [
                "compatible-mypy"
            ],
            "hashes": [
                "sha256:78e3764488fdfd2695f12502136548ec22f8d4b1780541a835042b8238d11514",
                "sha256:c2502f5ecbae50c68f9a86d52b5b2447d8648fd205036dad0ccb41e19a445927"
            ],
            "markers": "python_version >= '3.8'",
            "version": "==5.0.4"
        },
        "django-stubs-ext": {
            "hashes": [
                "sha256:85da065224204774208be29c7d02b4482d5a69218a728465c2fbe41725fdc819",
                "sha256:910cbaff3d1e8e806a5c27d5ddd4088535aae8371ea921b7fd680fdfa5f14e30"
            ],
            "markers": "python_version >= '3.8'",
            "version": "==5.0.4"
        },
        "invoke": {
            "hashes": [
                "sha256:6ea924cc53d4f78e3d98bc436b08069a03077e6f85ad1ddaa8a116d7dad15820",
                "sha256:ee6cbb101af1a859c7fe84f2a264c059020b0cb7fe3535f9424300ab568f6bd5"
            ],
            "index": "pypi",
            "markers": "python_version >= '3.6'",
            "version": "==2.2.0"
        },
        "isort": {
            "hashes": [
                "sha256:48fdfcb9face5d58a4f6dde2e72a1fb8dcaf8ab26f95ab49fab84c2ddefb0109",
                "sha256:8ca5e72a8d85860d5a3fa69b8745237f2939afe12dbf656afbcb47fe72d947a6"
            ],
            "markers": "python_full_version >= '3.8.0'",
            "version": "==5.13.2"
        },
        "markdown-it-py": {
            "hashes": [
                "sha256:355216845c60bd96232cd8d8c40e8f9765cc86f46880e43a8fd22dc1a1a8cab1",
                "sha256:e3f60a94fa066dc52ec76661e37c851cb232d92f9886b15cb560aaada2df8feb"
            ],
            "markers": "python_version >= '3.8'",
            "version": "==3.0.0"
        },
        "mccabe": {
            "hashes": [
                "sha256:348e0240c33b60bbdf4e523192ef919f28cb2c3d7d5c7794f74009290f236325",
                "sha256:6c2d30ab6be0e4a46919781807b4f0d834ebdd6c6e3dca0bda5a15f863427b6e"
            ],
            "markers": "python_version >= '3.6'",
            "version": "==0.7.0"
        },
        "mdformat": {
            "hashes": [
                "sha256:91ffc5e203f5814a6ad17515c77767fd2737fc12ffd8b58b7bb1d8b9aa6effaa",
                "sha256:a9dbb1838d43bb1e6f03bd5dca9412c552544a9bc42d6abb5dc32adfe8ae7c0d"
            ],
            "index": "pypi",
            "markers": "python_version >= '3.8'",
            "version": "==0.7.17"
        },
        "mdurl": {
            "hashes": [
                "sha256:84008a41e51615a49fc9966191ff91509e3c40b939176e643fd50a5c2196b8f8",
                "sha256:bb413d29f5eea38f31dd4754dd7377d4465116fb207585f97bf925588687c1ba"
            ],
            "markers": "python_version >= '3.7'",
            "version": "==0.1.2"
        },
        "mypy": {
            "hashes": [
                "sha256:0624bdb940255d2dd24e829d99a13cfeb72e4e9031f9492148f410ed30bcab54",
                "sha256:0bc71d1fb27a428139dd78621953effe0d208aed9857cb08d002280b0422003a",
                "sha256:0bd53faf56de9643336aeea1c925012837432b5faf1701ccca7fde70166ccf72",
                "sha256:11965c2f571ded6239977b14deebd3f4c3abd9a92398712d6da3a772974fad69",
                "sha256:1a81cf05975fd61aec5ae16501a091cfb9f605dc3e3c878c0da32f250b74760b",
                "sha256:2684d3f693073ab89d76da8e3921883019ea8a3ec20fa5d8ecca6a2db4c54bbe",
                "sha256:2c63350af88f43a66d3dfeeeb8d77af34a4f07d760b9eb3a8697f0386c7590b4",
                "sha256:45df906e8b6804ef4b666af29a87ad9f5921aad091c79cc38e12198e220beabd",
                "sha256:4c956b49c5d865394d62941b109728c5c596a415e9c5b2be663dd26a1ff07bc0",
                "sha256:64f4a90e3ea07f590c5bcf9029035cf0efeae5ba8be511a8caada1a4893f5525",
                "sha256:749fd3213916f1751fff995fccf20c6195cae941dc968f3aaadf9bb4e430e5a2",
                "sha256:79c07eb282cb457473add5052b63925e5cc97dfab9812ee65a7c7ab5e3cb551c",
                "sha256:7b6343d338390bb946d449677726edf60102a1c96079b4f002dedff375953fc5",
                "sha256:886c9dbecc87b9516eff294541bf7f3655722bf22bb898ee06985cd7269898de",
                "sha256:a2b43895a0f8154df6519706d9bca8280cda52d3d9d1514b2d9c3e26792a0b74",
                "sha256:a32fc80b63de4b5b3e65f4be82b4cfa362a46702672aa6a0f443b4689af7008c",
                "sha256:a707ec1527ffcdd1c784d0924bf5cb15cd7f22683b919668a04d2b9c34549d2e",
                "sha256:a831671bad47186603872a3abc19634f3011d7f83b083762c942442d51c58d58",
                "sha256:b639dce63a0b19085213ec5fdd8cffd1d81988f47a2dec7100e93564f3e8fb3b",
                "sha256:b868d3bcff720dd7217c383474008ddabaf048fad8d78ed948bb4b624870a417",
                "sha256:c1952f5ea8a5a959b05ed5f16452fddadbaae48b5d39235ab4c3fc444d5fd411",
                "sha256:d44be7551689d9d47b7abc27c71257adfdb53f03880841a5db15ddb22dc63edb",
                "sha256:e1e30dc3bfa4e157e53c1d17a0dad20f89dc433393e7702b813c10e200843b03",
                "sha256:e4fe9f4e5e521b458d8feb52547f4bade7ef8c93238dfb5bbc790d9ff2d770ca",
                "sha256:f39918a50f74dc5969807dcfaecafa804fa7f90c9d60506835036cc1bc891dc8",
                "sha256:f404a0b069709f18bbdb702eb3dcfe51910602995de00bd39cea3050b5772d08",
                "sha256:fca4a60e1dd9fd0193ae0067eaeeb962f2d79e0d9f0f66223a0682f26ffcc809"
            ],
            "index": "pypi",
            "markers": "python_version >= '3.8'",
            "version": "==1.11.1"
        },
        "mypy-extensions": {
            "hashes": [
                "sha256:4392f6c0eb8a5668a69e23d168ffa70f0be9ccfd32b5cc2d26a34ae5b844552d",
                "sha256:75dbf8955dc00442a438fc4d0666508a9a97b6bd41aa2f0ffe9d2f2725af0782"
            ],
            "markers": "python_version >= '3.5'",
            "version": "==1.0.0"
        },
        "packaging": {
            "hashes": [
                "sha256:026ed72c8ed3fcce5bf8950572258698927fd1dbda10a5e981cdf0ac37f4f002",
                "sha256:5b8f2217dbdbd2f7f384c41c628544e6d52f2d0f53c6d0c3ea61aa5d1d7ff124"
            ],
            "markers": "python_version >= '3.8'",
            "version": "==24.1"
        },
        "pathspec": {
            "hashes": [
                "sha256:a0d503e138a4c123b27490a4f7beda6a01c6f288df0e4a8b79c7eb0dc7b4cc08",
                "sha256:a482d51503a1ab33b1c67a6c3813a26953dbdc71c31dacaef9a838c4e29f5712"
            ],
            "markers": "python_version >= '3.8'",
            "version": "==0.12.1"
        },
        "platformdirs": {
            "hashes": [
                "sha256:2d7a1657e36a80ea911db832a8a6ece5ee53d8de21edd5cc5879af6530b1bfee",
                "sha256:38b7b51f512eed9e84a22788b4bce1de17c0adb134d6becb09836e37d8654cd3"
            ],
            "markers": "python_version >= '3.8'",
            "version": "==4.2.2"
        },
        "pylint": {
            "hashes": [
                "sha256:03c8e3baa1d9fb995b12c1dbe00aa6c4bcef210c2a2634374aedeb22fb4a8f8f",
                "sha256:a5d01678349454806cff6d886fb072294f56a58c4761278c97fb557d708e1eb3"
            ],
            "index": "pypi",
            "markers": "python_full_version >= '3.8.0'",
            "version": "==3.2.6"
        },
        "sqlparse": {
            "hashes": [
                "sha256:773dcbf9a5ab44a090f3441e2180efe2560220203dc2f8c0b0fa141e18b505e4",
                "sha256:bb6b4df465655ef332548e24f08e205afc81b9ab86cb1c45657a7ff173a3a00e"
            ],
            "markers": "python_version >= '3.8'",
            "version": "==0.5.1"
        },
        "tomlkit": {
            "hashes": [
                "sha256:7a974427f6e119197f670fbbbeae7bef749a6c14e793db934baefc1b5f03efde",
                "sha256:fff5fe59a87295b278abd31bec92c15d9bc4a06885ab12bcea52c71119392e79"
            ],
            "markers": "python_version >= '3.8'",
            "version": "==0.13.2"
        },
        "types-pyyaml": {
            "hashes": [
                "sha256:b8f76ddbd7f65440a8bda5526a9607e4c7a322dc2f8e1a8c405644f9a6f4b9af",
                "sha256:deda34c5c655265fc517b546c902aa6eed2ef8d3e921e4765fe606fe2afe8d35"
            ],
            "markers": "python_version >= '3.8'",
            "version": "==6.0.12.20240808"
        },
        "typing-extensions": {
            "hashes": [
                "sha256:04e5ca0351e0f3f85c6853954072df659d0d13fac324d0072316b67d7794700d",
                "sha256:1a7ead55c7e559dd4dee8856e3a88b41225abfe1ce8df57b7c13915fe121ffb8"
            ],
            "markers": "python_version >= '3.8'",
            "version": "==4.12.2"
        }
    }
}
